{
	"name": "metaf-core",
	"version": "0.2.33",
	"lockfileVersion": 1,
	"requires": true,
	"dependencies": {
		"csstype": {
			"version": "2.6.4",
			"resolved": "https://registry.npmjs.org/csstype/-/csstype-2.6.4.tgz",
			"integrity": "sha512-lAJUJP3M6HxFXbqtGRc0iZrdyeN+WzOWeY0q/VnFzI+kqVrYIzC7bWlKqCW7oCIdzoPkvfp82EVvrTlQ8zsWQg=="
		}
	}
}
