{
	"name": "metaf-core",
	"version": "0.2.21",
	"lockfileVersion": 1,
	"requires": true,
	"dependencies": {
		"csstype": {
			"version": "2.5.7",
			"resolved": "https://registry.npmjs.org/csstype/-/csstype-2.5.7.tgz",
			"integrity": "sha512-Nt5VDyOTIIV4/nRFswoCKps1R5CD1hkiyjBE9/thNaNZILLEviVw9yWQw15+O+CpNjQKB/uvdcxFFOrSflY3Yw=="
		}
	}
}
