{
	"name": "metaf-react",
	"version": "0.2.8",
	"lockfileVersion": 1,
	"requires": true,
	"dependencies": {
		"@types/prop-types": {
			"version": "15.5.6",
			"resolved": "https://registry.npmjs.org/@types/prop-types/-/prop-types-15.5.6.tgz",
			"integrity": "sha512-ZBFR7TROLVzCkswA3Fmqq+IIJt62/T7aY/Dmz+QkU7CaW2QFqAitCE8Ups7IzmGhcN1YWMBT4Qcoc07jU9hOJQ==",
			"dev": true
		},
		"@types/react": {
			"version": "16.4.16",
			"resolved": "https://registry.npmjs.org/@types/react/-/react-16.4.16.tgz",
			"integrity": "sha512-lxyoipLWweAnLnSsV4Ho2NAZTKKmxeYgkTQ6PaDiPDU9JJBUY2zJVVGiK1smzYv8+ZgbqEmcm5xM74GCpunSEA==",
			"dev": true,
			"requires": {
				"@types/prop-types": "*",
				"csstype": "^2.2.0"
			}
		},
		"@types/react-is": {
			"version": "16.5.0",
			"resolved": "https://registry.npmjs.org/@types/react-is/-/react-is-16.5.0.tgz",
			"integrity": "sha512-yUYPioB2Sh5d4csgpW/vJwxWM0RG1/QbGiwYap2m/bEAQKRwbagYRc5C7oK2AM9QC2vr2ZViCgpm0DpDpFQ6XA==",
			"dev": true,
			"requires": {
				"@types/react": "*"
			}
		},
		"csstype": {
			"version": "2.5.7",
			"resolved": "https://registry.npmjs.org/csstype/-/csstype-2.5.7.tgz",
			"integrity": "sha512-Nt5VDyOTIIV4/nRFswoCKps1R5CD1hkiyjBE9/thNaNZILLEviVw9yWQw15+O+CpNjQKB/uvdcxFFOrSflY3Yw==",
			"dev": true
		},
		"js-tokens": {
			"version": "4.0.0",
			"resolved": "https://registry.npmjs.org/js-tokens/-/js-tokens-4.0.0.tgz",
			"integrity": "sha512-RdJUflcE3cUzKiMqQgsCu06FPu9UdIJO0beYbPhHN4k6apgJtifcoCtT9bcxOpYBtpD2kCM6Sbzg4CausW/PKQ==",
			"dev": true
		},
		"loose-envify": {
			"version": "1.4.0",
			"resolved": "https://registry.npmjs.org/loose-envify/-/loose-envify-1.4.0.tgz",
			"integrity": "sha512-lyuxPGr/Wfhrlem2CL/UcnUc1zcqKAImBDzukY7Y5F/yQiNdko6+fRLevlw1HgMySw7f611UIY408EtxRSoK3Q==",
			"dev": true,
			"requires": {
				"js-tokens": "^3.0.0 || ^4.0.0"
			}
		},
		"object-assign": {
			"version": "4.1.1",
			"resolved": "https://registry.npmjs.org/object-assign/-/object-assign-4.1.1.tgz",
			"integrity": "sha1-IQmtx5ZYh8/AXLvUQsrIv7s2CGM=",
			"dev": true
		},
		"prop-types": {
			"version": "15.6.2",
			"resolved": "https://registry.npmjs.org/prop-types/-/prop-types-15.6.2.tgz",
			"integrity": "sha512-3pboPvLiWD7dkI3qf3KbUe6hKFKa52w+AE0VCqECtf+QHAKgOL37tTaNCnuX1nAAQ4ZhyP+kYVKf8rLmJ/feDQ==",
			"dev": true,
			"requires": {
				"loose-envify": "^1.3.1",
				"object-assign": "^4.1.1"
			}
		},
		"react": {
			"version": "16.5.2",
			"resolved": "https://registry.npmjs.org/react/-/react-16.5.2.tgz",
			"integrity": "sha512-FDCSVd3DjVTmbEAjUNX6FgfAmQ+ypJfHUsqUJOYNCBUp1h8lqmtC+0mXJ+JjsWx4KAVTkk1vKd1hLQPvEviSuw==",
			"dev": true,
			"requires": {
				"loose-envify": "^1.1.0",
				"object-assign": "^4.1.1",
				"prop-types": "^15.6.2",
				"schedule": "^0.5.0"
			}
		},
		"react-is": {
			"version": "16.5.1",
			"resolved": "https://registry.npmjs.org/react-is/-/react-is-16.5.1.tgz",
			"integrity": "sha512-Q7S+9y2lJA9oJCMqLt045f+kLRhsMLA1wW2DAGXA6b7wcTQRHnUDMc5oR49tn0Z4swvnfV+/t8iZFXY74IQmpA=="
		},
		"schedule": {
			"version": "0.5.0",
			"resolved": "https://registry.npmjs.org/schedule/-/schedule-0.5.0.tgz",
			"integrity": "sha512-HUcJicG5Ou8xfR//c2rPT0lPIRR09vVvN81T9fqfVgBmhERUbDEQoYKjpBxbueJnCPpSu2ujXzOnRQt6x9o/jw==",
			"dev": true,
			"requires": {
				"object-assign": "^4.1.1"
			}
		}
	}
}
